<?xml version="1.0" encoding="utf-8"?>
<Project ToolsVersion="4.0" xmlns="http://schemas.microsoft.com/developer/msbuild/2003">
  <ItemGroup>
    <Filter Include="Paper">
      <UniqueIdentifier>{1DC3DD0D-89D7-05BF-5259-A91EBE2C02F0}</UniqueIdentifier>
    </Filter>
    <Filter Include="Paper\Events">
      <UniqueIdentifier>{612C4FE7-4D8F-DE8B-F614-1742E256AA0E}</UniqueIdentifier>
    </Filter>
  </ItemGroup>
  <ItemGroup>
    <ClInclude Include="src\Paper.h" />
    <ClInclude Include="src\Paper\Application.h">
      <Filter>Paper</Filter>
    </ClInclude>
    <ClInclude Include="src\Paper\Core.h">
      <Filter>Paper</Filter>
    </ClInclude>
    <ClInclude Include="src\Paper\EntryPoint.h">
      <Filter>Paper</Filter>
    </ClInclude>
    <ClInclude Include="src\Paper\Events\ApplicationEvent.h">
      <Filter>Paper\Events</Filter>
    </ClInclude>
    <ClInclude Include="src\Paper\Events\Event.h">
      <Filter>Paper\Events</Filter>
    </ClInclude>
    <ClInclude Include="src\Paper\Events\KeyEvent.h">
      <Filter>Paper\Events</Filter>
    </ClInclude>
    <ClInclude Include="src\Paper\Events\MouseEvent.h">
      <Filter>Paper\Events</Filter>
    </ClInclude>
    <ClInclude Include="src\Paper\Log.h">
      <Filter>Paper</Filter>
    </ClInclude>
  </ItemGroup>
  <ItemGroup>
    <ClCompile Include="src\Paper\Application.cpp">
      <Filter>Paper</Filter>
    </ClCompile>
    <ClCompile Include="src\Paper\Log.cpp">
      <Filter>Paper</Filter>
    </ClCompile>
  </ItemGroup>
</Project>